<?xml version="1.0" encoding="utf-8"?>
<Project ToolsVersion="4.0" xmlns="http://schemas.microsoft.com/developer/msbuild/2003">
  <ItemGroup>
    <Filter Include="Source Files">
      <UniqueIdentifier>{b73726a7-1217-468e-8fd0-d6c558aa07e9}</UniqueIdentifier>
      <Extensions>cpp;c;cxx;rc;def;r;odl;idl;hpj;bat</Extensions>
    </Filter>
    <Filter Include="Header Files">
      <UniqueIdentifier>{c52c6c22-ce14-426b-afd6-a365e5d37687}</UniqueIdentifier>
      <Extensions>h;hpp;hxx;hm;inl</Extensions>
    </Filter>
    <Filter Include="Resource Files">
      <UniqueIdentifier>{9e021d36-3b8d-4381-86a4-cc288c2e4be0}</UniqueIdentifier>
      <Extensions>ico;cur;bmp;dlg;rc2;rct;bin;rgs;gif;jpg;jpeg;jpe</Extensions>
    </Filter>
    <Filter Include="Source Files\Common">
      <UniqueIdentifier>{948cc56e-d0be-4ea7-a6be-1091ff8c75dc}</UniqueIdentifier>
    </Filter>
    <Filter Include="Header Files\Common">
      <UniqueIdentifier>{dff61ae4-9939-4905-a7e8-a02a4de23a9f}</UniqueIdentifier>
    </Filter>
  </ItemGroup>
  <ItemGroup>
    <ClCompile Include="src\AI.cpp">
      <Filter>Source Files</Filter>
    </ClCompile>
    <ClCompile Include="src\Bases.cpp">
      <Filter>Source Files</Filter>
    </ClCompile>
    <ClCompile Include="src\GameSetup.cpp">
      <Filter>Source Files</Filter>
    </ClCompile>
    <ClCompile Include="src\Objectives.cpp">
      <Filter>Source Files</Filter>
    </ClCompile>
    <ClCompile Include="..\Common\src\SaveLoad.cpp">
      <Filter>Source Files\Common</Filter>
    </ClCompile>
    <ClCompile Include="..\Common\src\ChatCommands.cpp">
      <Filter>Source Files\Common</Filter>
    </ClCompile>
    <ClCompile Include="..\Common\src\MissionEnd.cpp">
      <Filter>Source Files\Common</Filter>
    </ClCompile>
    <ClCompile Include="src\Exiles07_Main.cpp">
      <Filter>Source Files</Filter>
    </ClCompile>
    <ClCompile Include="src\AI_Plymouth.cpp">
      <Filter>Source Files</Filter>
    </ClCompile>
  </ItemGroup>
  <ItemGroup>
    <ClInclude Include="include\AI.h">
      <Filter>Header Files</Filter>
    </ClInclude>
    <ClInclude Include="include\Bases.h">
      <Filter>Header Files</Filter>
    </ClInclude>
    <ClInclude Include="include\GameSetup.h">
      <Filter>Header Files</Filter>
    </ClInclude>
    <ClInclude Include="include\Objectives.h">
      <Filter>Header Files</Filter>
    </ClInclude>
    <ClInclude Include="..\Common\include\SaveLoad.h">
      <Filter>Header Files\Common</Filter>
    </ClInclude>
    <ClInclude Include="..\Common\include\ChatCommands.h">
      <Filter>Header Files\Common</Filter>
    </ClInclude>
    <ClInclude Include="..\Common\include\MissionEnd.h">
      <Filter>Header Files\Common</Filter>
    </ClInclude>
  </ItemGroup>
</Project>